
Microsoft Visual Studio Solution File, Format Version 12.00
# Visual Studio Version 17
VisualStudioVersion = 17.0.32126.317
MinimumVisualStudioVersion = 10.0.40219.1
Project("{FAE04EC0-301F-11D3-BF4B-00C04F79EFBC}") = "FactoryPatternExercise", "FactoryPatternExercise\FactoryPatternExercise.csproj", "{392322EE-6017-46A6-98A7-84616FEBD13A}"
EndProject
Global
	GlobalSection(SolutionConfigurationPlatforms) = preSolution
		Debug|Any CPU = Debug|Any CPU
		Release|Any CPU = Release|Any CPU
	EndGlobalSection
	GlobalSection(ProjectConfigurationPlatforms) = postSolution
		{392322EE-6017-46A6-98A7-84616FEBD13A}.Debug|Any CPU.ActiveCfg = Debug|Any CPU
		{392322EE-6017-46A6-98A7-84616FEBD13A}.Debug|Any CPU.Build.0 = Debug|Any CPU
		{392322EE-6017-46A6-98A7-84616FEBD13A}.Release|Any CPU.ActiveCfg = Release|Any CPU
		{392322EE-6017-46A6-98A7-84616FEBD13A}.Release|Any CPU.Build.0 = Release|Any CPU
	EndGlobalSection
	GlobalSection(SolutionProperties) = preSolution
		HideSolutionNode = FALSE
	EndGlobalSection
	GlobalSection(ExtensibilityGlobals) = postSolution
		SolutionGuid = {341A6FCB-3AF9-4412-8B03-0F67B6ADE10C}
	EndGlobalSection
EndGlobal
